
Microsoft Visual Studio Solution File, Format Version 12.00
# Visual Studio Version 17
VisualStudioVersion = 17.7.34031.279
MinimumVisualStudioVersion = 10.0.40219.1
Project("{8BC9CEB8-8B4A-11D0-8D11-00A0C91BC942}") = "czr_extraktor", "czr_extraktor.vcxproj", "{B11323E3-1CE2-4F6F-BCC7-C60E1BB25444}"
EndProject
Global
	GlobalSection(SolutionConfigurationPlatforms) = preSolution
		Debug|x64 = Debug|x64
		Debug|x86 = Debug|x86
		Release|x64 = Release|x64
		Release|x86 = Release|x86
	EndGlobalSection
	GlobalSection(ProjectConfigurationPlatforms) = postSolution
		{B11323E3-1CE2-4F6F-BCC7-C60E1BB25444}.Debug|x64.ActiveCfg = Debug|x64
		{B11323E3-1CE2-4F6F-BCC7-C60E1BB25444}.Debug|x64.Build.0 = Debug|x64
		{B11323E3-1CE2-4F6F-BCC7-C60E1BB25444}.Debug|x86.ActiveCfg = Debug|Win32
		{B11323E3-1CE2-4F6F-BCC7-C60E1BB25444}.Debug|x86.Build.0 = Debug|Win32
		{B11323E3-1CE2-4F6F-BCC7-C60E1BB25444}.Release|x64.ActiveCfg = Release|x64
		{B11323E3-1CE2-4F6F-BCC7-C60E1BB25444}.Release|x64.Build.0 = Release|x64
		{B11323E3-1CE2-4F6F-BCC7-C60E1BB25444}.Release|x86.ActiveCfg = Release|Win32
		{B11323E3-1CE2-4F6F-BCC7-C60E1BB25444}.Release|x86.Build.0 = Release|Win32
	EndGlobalSection
	GlobalSection(SolutionProperties) = preSolution
		HideSolutionNode = FALSE
	EndGlobalSection
	GlobalSection(ExtensibilityGlobals) = postSolution
		SolutionGuid = {A85C5091-32A1-45C5-8FF9-D193E8DD56AF}
	EndGlobalSection
EndGlobal
